// !$*UTF8*$!
{
	archiveVersion = 1;
	classes = {
	};
	objectVersion = 55;
	objects = {

/* Begin PBXBuildFile section */
		C10CE51828A500C300B9834D /* Theater.swift in Sources */ = {isa = PBXBuildFile; fileRef = C10CE51728A500C300B9834D /* Theater.swift */; };
		C10CE51A28A500D400B9834D /* TheaterList.swift in Sources */ = {isa = PBXBuildFile; fileRef = C10CE51928A500D400B9834D /* TheaterList.swift */; };
		C13497B52899F6CE00F7D548 /* AppDelegate.swift in Sources */ = {isa = PBXBuildFile; fileRef = C13497B42899F6CE00F7D548 /* AppDelegate.swift */; };
		C13497B72899F6CE00F7D548 /* SceneDelegate.swift in Sources */ = {isa = PBXBuildFile; fileRef = C13497B62899F6CE00F7D548 /* SceneDelegate.swift */; };
		C13497B92899F6CE00F7D548 /* ViewController.swift in Sources */ = {isa = PBXBuildFile; fileRef = C13497B82899F6CE00F7D548 /* ViewController.swift */; };
		C13497BC2899F6CE00F7D548 /* Main.storyboard in Resources */ = {isa = PBXBuildFile; fileRef = C13497BA2899F6CE00F7D548 /* Main.storyboard */; };
		C13497BE2899F6CF00F7D548 /* Assets.xcassets in Resources */ = {isa = PBXBuildFile; fileRef = C13497BD2899F6CF00F7D548 /* Assets.xcassets */; };
		C13497C12899F6CF00F7D548 /* LaunchScreen.storyboard in Resources */ = {isa = PBXBuildFile; fileRef = C13497BF2899F6CF00F7D548 /* LaunchScreen.storyboard */; };
		C13497C92899F7CC00F7D548 /* .gitignore in Resources */ = {isa = PBXBuildFile; fileRef = C13497C82899F7CC00F7D548 /* .gitignore */; };
		C13497CD2899F8A000F7D548 /* APIKey.swift in Sources */ = {isa = PBXBuildFile; fileRef = C13497CC2899F8A000F7D548 /* APIKey.swift */; };
		C13497CF2899F9C300F7D548 /* Constant.swift in Sources */ = {isa = PBXBuildFile; fileRef = C13497CE2899F9C300F7D548 /* Constant.swift */; };
		C13497D32899FABB00F7D548 /* Example1.swift in Sources */ = {isa = PBXBuildFile; fileRef = C13497D22899FABB00F7D548 /* Example1.swift */; };
		C13DBAD3289BE27B00236586 /* DetailTableViewController.swift in Sources */ = {isa = PBXBuildFile; fileRef = C13DBAD2289BE27B00236586 /* DetailTableViewController.swift */; };
		C1581AB7289D0A38009AA561 /* WebViewController.swift in Sources */ = {isa = PBXBuildFile; fileRef = C1581AB6289D0A38009AA561 /* WebViewController.swift */; };
		C16618DC289C13A30050D5D1 /* OverViewTableViewCell.swift in Sources */ = {isa = PBXBuildFile; fileRef = C16618DB289C13A30050D5D1 /* OverViewTableViewCell.swift */; };
		C16618DE289C21330050D5D1 /* CastTableViewCell.swift in Sources */ = {isa = PBXBuildFile; fileRef = C16618DD289C21330050D5D1 /* CastTableViewCell.swift */; };
		C1AFEB1F28A251A9009DC268 /* ContentCollectionViewCell.swift in Sources */ = {isa = PBXBuildFile; fileRef = C1AFEB1D28A251A9009DC268 /* ContentCollectionViewCell.swift */; };
		C1AFEB2028A251A9009DC268 /* ContentCollectionViewCell.xib in Resources */ = {isa = PBXBuildFile; fileRef = C1AFEB1E28A251A9009DC268 /* ContentCollectionViewCell.xib */; };
		C1AFEB2228A253D5009DC268 /* NetflixViewController.swift in Sources */ = {isa = PBXBuildFile; fileRef = C1AFEB2128A253D5009DC268 /* NetflixViewController.swift */; };
		C1B387DB28A38E0A00DCC189 /* TMDBAPIManager.swift in Sources */ = {isa = PBXBuildFile; fileRef = C1B387DA28A38E0A00DCC189 /* TMDBAPIManager.swift */; };
		C1D9558C28A2499600AF4A2B /* NetflixTableViewCell.swift in Sources */ = {isa = PBXBuildFile; fileRef = C1D9558B28A2499600AF4A2B /* NetflixTableViewCell.swift */; };
		C1D9558E28A24C1E00AF4A2B /* CardView.xib in Resources */ = {isa = PBXBuildFile; fileRef = C1D9558D28A24C1E00AF4A2B /* CardView.xib */; };
		C1D9559028A24ED900AF4A2B /* CardView.swift in Sources */ = {isa = PBXBuildFile; fileRef = C1D9558F28A24ED900AF4A2B /* CardView.swift */; };
		C1E87F6028AB7DEE0078F10E /* WalkThrough.storyboard in Resources */ = {isa = PBXBuildFile; fileRef = C1E87F5F28AB7DEE0078F10E /* WalkThrough.storyboard */; };
		C1E87F6D28AB8A100078F10E /* WalkThroughPageViewController.swift in Sources */ = {isa = PBXBuildFile; fileRef = C1E87F6C28AB8A100078F10E /* WalkThroughPageViewController.swift */; };
		C1E87FA728AB8F2E0078F10E /* TrendMediaFramework.framework in Frameworks */ = {isa = PBXBuildFile; fileRef = C1E87FA328AB8F160078F10E /* TrendMediaFramework.framework */; };
		C1E87FA828AB8F2E0078F10E /* TrendMediaFramework.framework in Embed Frameworks */ = {isa = PBXBuildFile; fileRef = C1E87FA328AB8F160078F10E /* TrendMediaFramework.framework */; settings = {ATTRIBUTES = (CodeSignOnCopy, RemoveHeadersOnCopy, ); }; };
		C1E87FAB28ABA5710078F10E /* WalkthroughContentViewController.swift in Sources */ = {isa = PBXBuildFile; fileRef = C1E87FAA28ABA5710078F10E /* WalkthroughContentViewController.swift */; };
		C1E87FAD28ABAB5D0078F10E /* WalkThroughViewController.swift in Sources */ = {isa = PBXBuildFile; fileRef = C1E87FAC28ABAB5D0078F10E /* WalkThroughViewController.swift */; };
		C1E8F78C289A6D1C0098E93D /* Alamofire in Frameworks */ = {isa = PBXBuildFile; productRef = C1E8F78B289A6D1C0098E93D /* Alamofire */; };
		C1E8F78F289A6D380098E93D /* SwiftyJSON in Frameworks */ = {isa = PBXBuildFile; productRef = C1E8F78E289A6D380098E93D /* SwiftyJSON */; };
		C1E8F792289A72900098E93D /* Kingfisher in Frameworks */ = {isa = PBXBuildFile; productRef = C1E8F791289A72900098E93D /* Kingfisher */; };
		C1E8F795289A73690098E93D /* InfoTableViewCell.swift in Sources */ = {isa = PBXBuildFile; fileRef = C1E8F793289A73690098E93D /* InfoTableViewCell.swift */; };
		C1E8F796289A73690098E93D /* InfoTableViewCell.xib in Resources */ = {isa = PBXBuildFile; fileRef = C1E8F794289A73690098E93D /* InfoTableViewCell.xib */; };
		C1F1626128A4E4A100F44947 /* MapViewController.swift in Sources */ = {isa = PBXBuildFile; fileRef = C1F1626028A4E4A100F44947 /* MapViewController.swift */; };
/* End PBXBuildFile section */

/* Begin PBXContainerItemProxy section */
		C1E87FA228AB8F160078F10E /* PBXContainerItemProxy */ = {
			isa = PBXContainerItemProxy;
			containerPortal = C1E87F9D28AB8F160078F10E /* TrendMediaFramework.xcodeproj */;
			proxyType = 2;
			remoteGlobalIDString = C1E87F7828AB8DE40078F10E;
			remoteInfo = TrendMediaFramework;
		};
		C1E87FA428AB8F160078F10E /* PBXContainerItemProxy */ = {
			isa = PBXContainerItemProxy;
			containerPortal = C1E87F9D28AB8F160078F10E /* TrendMediaFramework.xcodeproj */;
			proxyType = 2;
			remoteGlobalIDString = C1E87F8228AB8DE40078F10E;
			remoteInfo = TrendMediaFrameworkTests;
		};
/* End PBXContainerItemProxy section */

/* Begin PBXCopyFilesBuildPhase section */
		C1E87FA928AB8F2E0078F10E /* Embed Frameworks */ = {
			isa = PBXCopyFilesBuildPhase;
			buildActionMask = 2147483647;
			dstPath = "";
			dstSubfolderSpec = 10;
			files = (
				C1E87FA828AB8F2E0078F10E /* TrendMediaFramework.framework in Embed Frameworks */,
			);
			name = "Embed Frameworks";
			runOnlyForDeploymentPostprocessing = 0;
		};
/* End PBXCopyFilesBuildPhase section */

/* Begin PBXFileReference section */
		C10CE51728A500C300B9834D /* Theater.swift */ = {isa = PBXFileReference; lastKnownFileType = sourcecode.swift; path = Theater.swift; sourceTree = "<group>"; };
		C10CE51928A500D400B9834D /* TheaterList.swift */ = {isa = PBXFileReference; lastKnownFileType = sourcecode.swift; path = TheaterList.swift; sourceTree = "<group>"; };
		C13497B12899F6CE00F7D548 /* TrendMediaDB.app */ = {isa = PBXFileReference; explicitFileType = wrapper.application; includeInIndex = 0; path = TrendMediaDB.app; sourceTree = BUILT_PRODUCTS_DIR; };
		C13497B42899F6CE00F7D548 /* AppDelegate.swift */ = {isa = PBXFileReference; lastKnownFileType = sourcecode.swift; path = AppDelegate.swift; sourceTree = "<group>"; };
		C13497B62899F6CE00F7D548 /* SceneDelegate.swift */ = {isa = PBXFileReference; lastKnownFileType = sourcecode.swift; path = SceneDelegate.swift; sourceTree = "<group>"; };
		C13497B82899F6CE00F7D548 /* ViewController.swift */ = {isa = PBXFileReference; lastKnownFileType = sourcecode.swift; path = ViewController.swift; sourceTree = "<group>"; };
		C13497BB2899F6CE00F7D548 /* Base */ = {isa = PBXFileReference; lastKnownFileType = file.storyboard; name = Base; path = Base.lproj/Main.storyboard; sourceTree = "<group>"; };
		C13497BD2899F6CF00F7D548 /* Assets.xcassets */ = {isa = PBXFileReference; lastKnownFileType = folder.assetcatalog; path = Assets.xcassets; sourceTree = "<group>"; };
		C13497C02899F6CF00F7D548 /* Base */ = {isa = PBXFileReference; lastKnownFileType = file.storyboard; name = Base; path = Base.lproj/LaunchScreen.storyboard; sourceTree = "<group>"; };
		C13497C22899F6CF00F7D548 /* Info.plist */ = {isa = PBXFileReference; lastKnownFileType = text.plist.xml; path = Info.plist; sourceTree = "<group>"; };
		C13497C82899F7CC00F7D548 /* .gitignore */ = {isa = PBXFileReference; lastKnownFileType = text; path = .gitignore; sourceTree = "<group>"; };
		C13497CC2899F8A000F7D548 /* APIKey.swift */ = {isa = PBXFileReference; lastKnownFileType = sourcecode.swift; path = APIKey.swift; sourceTree = "<group>"; };
		C13497CE2899F9C300F7D548 /* Constant.swift */ = {isa = PBXFileReference; lastKnownFileType = sourcecode.swift; path = Constant.swift; sourceTree = "<group>"; };
		C13497D22899FABB00F7D548 /* Example1.swift */ = {isa = PBXFileReference; lastKnownFileType = sourcecode.swift; path = Example1.swift; sourceTree = "<group>"; };
		C13DBAD2289BE27B00236586 /* DetailTableViewController.swift */ = {isa = PBXFileReference; lastKnownFileType = sourcecode.swift; path = DetailTableViewController.swift; sourceTree = "<group>"; };
		C1581AB6289D0A38009AA561 /* WebViewController.swift */ = {isa = PBXFileReference; lastKnownFileType = sourcecode.swift; path = WebViewController.swift; sourceTree = "<group>"; };
		C16618DB289C13A30050D5D1 /* OverViewTableViewCell.swift */ = {isa = PBXFileReference; lastKnownFileType = sourcecode.swift; path = OverViewTableViewCell.swift; sourceTree = "<group>"; };
		C16618DD289C21330050D5D1 /* CastTableViewCell.swift */ = {isa = PBXFileReference; lastKnownFileType = sourcecode.swift; path = CastTableViewCell.swift; sourceTree = "<group>"; };
		C1AFEB1D28A251A9009DC268 /* ContentCollectionViewCell.swift */ = {isa = PBXFileReference; lastKnownFileType = sourcecode.swift; path = ContentCollectionViewCell.swift; sourceTree = "<group>"; };
		C1AFEB1E28A251A9009DC268 /* ContentCollectionViewCell.xib */ = {isa = PBXFileReference; lastKnownFileType = file.xib; path = ContentCollectionViewCell.xib; sourceTree = "<group>"; };
		C1AFEB2128A253D5009DC268 /* NetflixViewController.swift */ = {isa = PBXFileReference; lastKnownFileType = sourcecode.swift; path = NetflixViewController.swift; sourceTree = "<group>"; };
		C1B387DA28A38E0A00DCC189 /* TMDBAPIManager.swift */ = {isa = PBXFileReference; lastKnownFileType = sourcecode.swift; path = TMDBAPIManager.swift; sourceTree = "<group>"; };
		C1D9558B28A2499600AF4A2B /* NetflixTableViewCell.swift */ = {isa = PBXFileReference; lastKnownFileType = sourcecode.swift; path = NetflixTableViewCell.swift; sourceTree = "<group>"; };
		C1D9558D28A24C1E00AF4A2B /* CardView.xib */ = {isa = PBXFileReference; lastKnownFileType = file.xib; path = CardView.xib; sourceTree = "<group>"; };
		C1D9558F28A24ED900AF4A2B /* CardView.swift */ = {isa = PBXFileReference; lastKnownFileType = sourcecode.swift; path = CardView.swift; sourceTree = "<group>"; };
		C1E87F5F28AB7DEE0078F10E /* WalkThrough.storyboard */ = {isa = PBXFileReference; lastKnownFileType = file.storyboard; path = WalkThrough.storyboard; sourceTree = "<group>"; };
		C1E87F6C28AB8A100078F10E /* WalkThroughPageViewController.swift */ = {isa = PBXFileReference; lastKnownFileType = sourcecode.swift; path = WalkThroughPageViewController.swift; sourceTree = "<group>"; };
		C1E87F9D28AB8F160078F10E /* TrendMediaFramework.xcodeproj */ = {isa = PBXFileReference; lastKnownFileType = "wrapper.pb-project"; name = TrendMediaFramework.xcodeproj; path = ../../Assignments/TrendMediaFramework/TrendMediaFramework.xcodeproj; sourceTree = "<group>"; };
		C1E87FAA28ABA5710078F10E /* WalkthroughContentViewController.swift */ = {isa = PBXFileReference; lastKnownFileType = sourcecode.swift; path = WalkthroughContentViewController.swift; sourceTree = "<group>"; };
		C1E87FAC28ABAB5D0078F10E /* WalkThroughViewController.swift */ = {isa = PBXFileReference; lastKnownFileType = sourcecode.swift; path = WalkThroughViewController.swift; sourceTree = "<group>"; };
		C1E8F793289A73690098E93D /* InfoTableViewCell.swift */ = {isa = PBXFileReference; lastKnownFileType = sourcecode.swift; path = InfoTableViewCell.swift; sourceTree = "<group>"; };
		C1E8F794289A73690098E93D /* InfoTableViewCell.xib */ = {isa = PBXFileReference; lastKnownFileType = file.xib; path = InfoTableViewCell.xib; sourceTree = "<group>"; };
		C1F1626028A4E4A100F44947 /* MapViewController.swift */ = {isa = PBXFileReference; lastKnownFileType = sourcecode.swift; path = MapViewController.swift; sourceTree = "<group>"; };
/* End PBXFileReference section */

/* Begin PBXFrameworksBuildPhase section */
		C13497AE2899F6CE00F7D548 /* Frameworks */ = {
			isa = PBXFrameworksBuildPhase;
			buildActionMask = 2147483647;
			files = (
				C1E87FA728AB8F2E0078F10E /* TrendMediaFramework.framework in Frameworks */,
				C1E8F792289A72900098E93D /* Kingfisher in Frameworks */,
				C1E8F78F289A6D380098E93D /* SwiftyJSON in Frameworks */,
				C1E8F78C289A6D1C0098E93D /* Alamofire in Frameworks */,
			);
			runOnlyForDeploymentPostprocessing = 0;
		};
/* End PBXFrameworksBuildPhase section */

/* Begin PBXGroup section */
		C10CE51628A5008600B9834D /* Struct */ = {
			isa = PBXGroup;
			children = (
				C10CE51728A500C300B9834D /* Theater.swift */,
				C10CE51928A500D400B9834D /* TheaterList.swift */,
			);
			path = Struct;
			sourceTree = "<group>";
		};
		C13497A82899F6CE00F7D548 = {
			isa = PBXGroup;
			children = (
				C1E87F9D28AB8F160078F10E /* TrendMediaFramework.xcodeproj */,
				C1E87F5E28AB7D8A0078F10E /* WalkThrough */,
				C10CE51628A5008600B9834D /* Struct */,
				C1B387D928A38D5800DCC189 /* Network */,
				C1CF0F0728A247C5001447F0 /* Netflix */,
				C13497C82899F7CC00F7D548 /* .gitignore */,
				C13497B32899F6CE00F7D548 /* TrendMediaDB */,
				C13497B22899F6CE00F7D548 /* Products */,
			);
			sourceTree = "<group>";
		};
		C13497B22899F6CE00F7D548 /* Products */ = {
			isa = PBXGroup;
			children = (
				C13497B12899F6CE00F7D548 /* TrendMediaDB.app */,
			);
			name = Products;
			sourceTree = "<group>";
		};
		C13497B32899F6CE00F7D548 /* TrendMediaDB */ = {
			isa = PBXGroup;
			children = (
				C13497D12899FA9800F7D548 /* Key */,
				C13497B42899F6CE00F7D548 /* AppDelegate.swift */,
				C13497B62899F6CE00F7D548 /* SceneDelegate.swift */,
				C13497B82899F6CE00F7D548 /* ViewController.swift */,
				C13497BA2899F6CE00F7D548 /* Main.storyboard */,
				C1F1626028A4E4A100F44947 /* MapViewController.swift */,
				C1581AB6289D0A38009AA561 /* WebViewController.swift */,
				C16618DD289C21330050D5D1 /* CastTableViewCell.swift */,
				C16618DB289C13A30050D5D1 /* OverViewTableViewCell.swift */,
				C13DBAD2289BE27B00236586 /* DetailTableViewController.swift */,
				C1E8F793289A73690098E93D /* InfoTableViewCell.swift */,
				C1E8F794289A73690098E93D /* InfoTableViewCell.xib */,
				C13497BD2899F6CF00F7D548 /* Assets.xcassets */,
				C13497BF2899F6CF00F7D548 /* LaunchScreen.storyboard */,
				C13497C22899F6CF00F7D548 /* Info.plist */,
				C13497CC2899F8A000F7D548 /* APIKey.swift */,
				C13497CE2899F9C300F7D548 /* Constant.swift */,
			);
			path = TrendMediaDB;
			sourceTree = "<group>";
		};
		C13497D12899FA9800F7D548 /* Key */ = {
			isa = PBXGroup;
			children = (
				C13497D22899FABB00F7D548 /* Example1.swift */,
			);
			path = Key;
			sourceTree = "<group>";
		};
		C1B387D928A38D5800DCC189 /* Network */ = {
			isa = PBXGroup;
			children = (
				C1B387DA28A38E0A00DCC189 /* TMDBAPIManager.swift */,
			);
			path = Network;
			sourceTree = "<group>";
		};
		C1CF0F0728A247C5001447F0 /* Netflix */ = {
			isa = PBXGroup;
			children = (
				C1AFEB2128A253D5009DC268 /* NetflixViewController.swift */,
				C1D9558B28A2499600AF4A2B /* NetflixTableViewCell.swift */,
				C1AFEB1E28A251A9009DC268 /* ContentCollectionViewCell.xib */,
				C1AFEB1D28A251A9009DC268 /* ContentCollectionViewCell.swift */,
				C1D9558D28A24C1E00AF4A2B /* CardView.xib */,
				C1D9558F28A24ED900AF4A2B /* CardView.swift */,
			);
			path = Netflix;
			sourceTree = "<group>";
		};
		C1E87F5E28AB7D8A0078F10E /* WalkThrough */ = {
			isa = PBXGroup;
			children = (
				C1E87F5F28AB7DEE0078F10E /* WalkThrough.storyboard */,
				C1E87FAC28ABAB5D0078F10E /* WalkThroughViewController.swift */,
				C1E87FAA28ABA5710078F10E /* WalkthroughContentViewController.swift */,
				C1E87F6C28AB8A100078F10E /* WalkThroughPageViewController.swift */,
			);
			path = WalkThrough;
			sourceTree = "<group>";
		};
		C1E87F9E28AB8F160078F10E /* Products */ = {
			isa = PBXGroup;
			children = (
				C1E87FA328AB8F160078F10E /* TrendMediaFramework.framework */,
				C1E87FA528AB8F160078F10E /* TrendMediaFrameworkTests.xctest */,
			);
			name = Products;
			sourceTree = "<group>";
		};
/* End PBXGroup section */

/* Begin PBXNativeTarget section */
		C13497B02899F6CE00F7D548 /* TrendMediaDB */ = {
			isa = PBXNativeTarget;
			buildConfigurationList = C13497C52899F6CF00F7D548 /* Build configuration list for PBXNativeTarget "TrendMediaDB" */;
			buildPhases = (
				C13497AD2899F6CE00F7D548 /* Sources */,
				C13497AE2899F6CE00F7D548 /* Frameworks */,
				C13497AF2899F6CE00F7D548 /* Resources */,
				C1E87FA928AB8F2E0078F10E /* Embed Frameworks */,
			);
			buildRules = (
			);
			dependencies = (
			);
			name = TrendMediaDB;
			packageProductDependencies = (
				C1E8F78B289A6D1C0098E93D /* Alamofire */,
				C1E8F78E289A6D380098E93D /* SwiftyJSON */,
				C1E8F791289A72900098E93D /* Kingfisher */,
			);
			productName = TrendMediaDB;
			productReference = C13497B12899F6CE00F7D548 /* TrendMediaDB.app */;
			productType = "com.apple.product-type.application";
		};
/* End PBXNativeTarget section */

/* Begin PBXProject section */
		C13497A92899F6CE00F7D548 /* Project object */ = {
			isa = PBXProject;
			attributes = {
				BuildIndependentTargetsInParallel = 1;
				LastSwiftUpdateCheck = 1340;
				LastUpgradeCheck = 1340;
				TargetAttributes = {
					C13497B02899F6CE00F7D548 = {
						CreatedOnToolsVersion = 13.4.1;
					};
				};
			};
			buildConfigurationList = C13497AC2899F6CE00F7D548 /* Build configuration list for PBXProject "TrendMediaDB" */;
			compatibilityVersion = "Xcode 13.0";
			developmentRegion = en;
			hasScannedForEncodings = 0;
			knownRegions = (
				en,
				Base,
			);
			mainGroup = C13497A82899F6CE00F7D548;
			packageReferences = (
				C1E8F78A289A6D1C0098E93D /* XCRemoteSwiftPackageReference "Alamofire" */,
				C1E8F78D289A6D380098E93D /* XCRemoteSwiftPackageReference "SwiftyJSON" */,
				C1E8F790289A72900098E93D /* XCRemoteSwiftPackageReference "Kingfisher" */,
			);
			productRefGroup = C13497B22899F6CE00F7D548 /* Products */;
			projectDirPath = "";
			projectReferences = (
				{
					ProductGroup = C1E87F9E28AB8F160078F10E /* Products */;
					ProjectRef = C1E87F9D28AB8F160078F10E /* TrendMediaFramework.xcodeproj */;
				},
			);
			projectRoot = "";
			targets = (
				C13497B02899F6CE00F7D548 /* TrendMediaDB */,
			);
		};
/* End PBXProject section */

/* Begin PBXReferenceProxy section */
		C1E87FA328AB8F160078F10E /* TrendMediaFramework.framework */ = {
			isa = PBXReferenceProxy;
			fileType = wrapper.framework;
			path = TrendMediaFramework.framework;
			remoteRef = C1E87FA228AB8F160078F10E /* PBXContainerItemProxy */;
			sourceTree = BUILT_PRODUCTS_DIR;
		};
		C1E87FA528AB8F160078F10E /* TrendMediaFrameworkTests.xctest */ = {
			isa = PBXReferenceProxy;
			fileType = wrapper.cfbundle;
			path = TrendMediaFrameworkTests.xctest;
			remoteRef = C1E87FA428AB8F160078F10E /* PBXContainerItemProxy */;
			sourceTree = BUILT_PRODUCTS_DIR;
		};
/* End PBXReferenceProxy section */

/* Begin PBXResourcesBuildPhase section */
		C13497AF2899F6CE00F7D548 /* Resources */ = {
			isa = PBXResourcesBuildPhase;
			buildActionMask = 2147483647;
			files = (
				C1AFEB2028A251A9009DC268 /* ContentCollectionViewCell.xib in Resources */,
				C1E8F796289A73690098E93D /* InfoTableViewCell.xib in Resources */,
				C13497C92899F7CC00F7D548 /* .gitignore in Resources */,
				C13497C12899F6CF00F7D548 /* LaunchScreen.storyboard in Resources */,
				C1D9558E28A24C1E00AF4A2B /* CardView.xib in Resources */,
				C1E87F6028AB7DEE0078F10E /* WalkThrough.storyboard in Resources */,
				C13497BE2899F6CF00F7D548 /* Assets.xcassets in Resources */,
				C13497BC2899F6CE00F7D548 /* Main.storyboard in Resources */,
			);
			runOnlyForDeploymentPostprocessing = 0;
		};
/* End PBXResourcesBuildPhase section */

/* Begin PBXSourcesBuildPhase section */
		C13497AD2899F6CE00F7D548 /* Sources */ = {
			isa = PBXSourcesBuildPhase;
			buildActionMask = 2147483647;
			files = (
				C10CE51828A500C300B9834D /* Theater.swift in Sources */,
				C10CE51A28A500D400B9834D /* TheaterList.swift in Sources */,
				C13497B92899F6CE00F7D548 /* ViewController.swift in Sources */,
				C13DBAD3289BE27B00236586 /* DetailTableViewController.swift in Sources */,
				C1E87FAD28ABAB5D0078F10E /* WalkThroughViewController.swift in Sources */,
				C13497D32899FABB00F7D548 /* Example1.swift in Sources */,
				C1E87FAB28ABA5710078F10E /* WalkthroughContentViewController.swift in Sources */,
				C13497B52899F6CE00F7D548 /* AppDelegate.swift in Sources */,
				C13497B72899F6CE00F7D548 /* SceneDelegate.swift in Sources */,
				C1E8F795289A73690098E93D /* InfoTableViewCell.swift in Sources */,
				C16618DE289C21330050D5D1 /* CastTableViewCell.swift in Sources */,
				C1E87F6D28AB8A100078F10E /* WalkThroughPageViewController.swift in Sources */,
				C1581AB7289D0A38009AA561 /* WebViewController.swift in Sources */,
				C16618DC289C13A30050D5D1 /* OverViewTableViewCell.swift in Sources */,
				C1B387DB28A38E0A00DCC189 /* TMDBAPIManager.swift in Sources */,
				C13497CD2899F8A000F7D548 /* APIKey.swift in Sources */,
				C13497CF2899F9C300F7D548 /* Constant.swift in Sources */,
				C1F1626128A4E4A100F44947 /* MapViewController.swift in Sources */,
				C1AFEB1F28A251A9009DC268 /* ContentCollectionViewCell.swift in Sources */,
				C1D9558C28A2499600AF4A2B /* NetflixTableViewCell.swift in Sources */,
				C1D9559028A24ED900AF4A2B /* CardView.swift in Sources */,
				C1AFEB2228A253D5009DC268 /* NetflixViewController.swift in Sources */,
			);
			runOnlyForDeploymentPostprocessing = 0;
		};
/* End PBXSourcesBuildPhase section */

/* Begin PBXVariantGroup section */
		C13497BA2899F6CE00F7D548 /* Main.storyboard */ = {
			isa = PBXVariantGroup;
			children = (
				C13497BB2899F6CE00F7D548 /* Base */,
			);
			name = Main.storyboard;
			sourceTree = "<group>";
		};
		C13497BF2899F6CF00F7D548 /* LaunchScreen.storyboard */ = {
			isa = PBXVariantGroup;
			children = (
				C13497C02899F6CF00F7D548 /* Base */,
			);
			name = LaunchScreen.storyboard;
			sourceTree = "<group>";
		};
/* End PBXVariantGroup section */

/* Begin XCBuildConfiguration section */
		C13497C32899F6CF00F7D548 /* Debug */ = {
			isa = XCBuildConfiguration;
			buildSettings = {
				ALWAYS_SEARCH_USER_PATHS = NO;
				CLANG_ANALYZER_NONNULL = YES;
				CLANG_ANALYZER_NUMBER_OBJECT_CONVERSION = YES_AGGRESSIVE;
				CLANG_CXX_LANGUAGE_STANDARD = "gnu++17";
				CLANG_ENABLE_MODULES = YES;
				CLANG_ENABLE_OBJC_ARC = YES;
				CLANG_ENABLE_OBJC_WEAK = YES;
				CLANG_WARN_BLOCK_CAPTURE_AUTORELEASING = YES;
				CLANG_WARN_BOOL_CONVERSION = YES;
				CLANG_WARN_COMMA = YES;
				CLANG_WARN_CONSTANT_CONVERSION = YES;
				CLANG_WARN_DEPRECATED_OBJC_IMPLEMENTATIONS = YES;
				CLANG_WARN_DIRECT_OBJC_ISA_USAGE = YES_ERROR;
				CLANG_WARN_DOCUMENTATION_COMMENTS = YES;
				CLANG_WARN_EMPTY_BODY = YES;
				CLANG_WARN_ENUM_CONVERSION = YES;
				CLANG_WARN_INFINITE_RECURSION = YES;
				CLANG_WARN_INT_CONVERSION = YES;
				CLANG_WARN_NON_LITERAL_NULL_CONVERSION = YES;
				CLANG_WARN_OBJC_IMPLICIT_RETAIN_SELF = YES;
				CLANG_WARN_OBJC_LITERAL_CONVERSION = YES;
				CLANG_WARN_OBJC_ROOT_CLASS = YES_ERROR;
				CLANG_WARN_QUOTED_INCLUDE_IN_FRAMEWORK_HEADER = YES;
				CLANG_WARN_RANGE_LOOP_ANALYSIS = YES;
				CLANG_WARN_STRICT_PROTOTYPES = YES;
				CLANG_WARN_SUSPICIOUS_MOVE = YES;
				CLANG_WARN_UNGUARDED_AVAILABILITY = YES_AGGRESSIVE;
				CLANG_WARN_UNREACHABLE_CODE = YES;
				CLANG_WARN__DUPLICATE_METHOD_MATCH = YES;
				COPY_PHASE_STRIP = NO;
				DEBUG_INFORMATION_FORMAT = dwarf;
				ENABLE_STRICT_OBJC_MSGSEND = YES;
				ENABLE_TESTABILITY = YES;
				GCC_C_LANGUAGE_STANDARD = gnu11;
				GCC_DYNAMIC_NO_PIC = NO;
				GCC_NO_COMMON_BLOCKS = YES;
				GCC_OPTIMIZATION_LEVEL = 0;
				GCC_PREPROCESSOR_DEFINITIONS = (
					"DEBUG=1",
					"$(inherited)",
				);
				GCC_WARN_64_TO_32_BIT_CONVERSION = YES;
				GCC_WARN_ABOUT_RETURN_TYPE = YES_ERROR;
				GCC_WARN_UNDECLARED_SELECTOR = YES;
				GCC_WARN_UNINITIALIZED_AUTOS = YES_AGGRESSIVE;
				GCC_WARN_UNUSED_FUNCTION = YES;
				GCC_WARN_UNUSED_VARIABLE = YES;
				IPHONEOS_DEPLOYMENT_TARGET = 15.5;
				MTL_ENABLE_DEBUG_INFO = INCLUDE_SOURCE;
				MTL_FAST_MATH = YES;
				ONLY_ACTIVE_ARCH = YES;
				SDKROOT = iphoneos;
				SWIFT_ACTIVE_COMPILATION_CONDITIONS = DEBUG;
				SWIFT_OPTIMIZATION_LEVEL = "-Onone";
			};
			name = Debug;
		};
		C13497C42899F6CF00F7D548 /* Release */ = {
			isa = XCBuildConfiguration;
			buildSettings = {
				ALWAYS_SEARCH_USER_PATHS = NO;
				CLANG_ANALYZER_NONNULL = YES;
				CLANG_ANALYZER_NUMBER_OBJECT_CONVERSION = YES_AGGRESSIVE;
				CLANG_CXX_LANGUAGE_STANDARD = "gnu++17";
				CLANG_ENABLE_MODULES = YES;
				CLANG_ENABLE_OBJC_ARC = YES;
				CLANG_ENABLE_OBJC_WEAK = YES;
				CLANG_WARN_BLOCK_CAPTURE_AUTORELEASING = YES;
				CLANG_WARN_BOOL_CONVERSION = YES;
				CLANG_WARN_COMMA = YES;
				CLANG_WARN_CONSTANT_CONVERSION = YES;
				CLANG_WARN_DEPRECATED_OBJC_IMPLEMENTATIONS = YES;
				CLANG_WARN_DIRECT_OBJC_ISA_USAGE = YES_ERROR;
				CLANG_WARN_DOCUMENTATION_COMMENTS = YES;
				CLANG_WARN_EMPTY_BODY = YES;
				CLANG_WARN_ENUM_CONVERSION = YES;
				CLANG_WARN_INFINITE_RECURSION = YES;
				CLANG_WARN_INT_CONVERSION = YES;
				CLANG_WARN_NON_LITERAL_NULL_CONVERSION = YES;
				CLANG_WARN_OBJC_IMPLICIT_RETAIN_SELF = YES;
				CLANG_WARN_OBJC_LITERAL_CONVERSION = YES;
				CLANG_WARN_OBJC_ROOT_CLASS = YES_ERROR;
				CLANG_WARN_QUOTED_INCLUDE_IN_FRAMEWORK_HEADER = YES;
				CLANG_WARN_RANGE_LOOP_ANALYSIS = YES;
				CLANG_WARN_STRICT_PROTOTYPES = YES;
				CLANG_WARN_SUSPICIOUS_MOVE = YES;
				CLANG_WARN_UNGUARDED_AVAILABILITY = YES_AGGRESSIVE;
				CLANG_WARN_UNREACHABLE_CODE = YES;
				CLANG_WARN__DUPLICATE_METHOD_MATCH = YES;
				COPY_PHASE_STRIP = NO;
				DEBUG_INFORMATION_FORMAT = "dwarf-with-dsym";
				ENABLE_NS_ASSERTIONS = NO;
				ENABLE_STRICT_OBJC_MSGSEND = YES;
				GCC_C_LANGUAGE_STANDARD = gnu11;
				GCC_NO_COMMON_BLOCKS = YES;
				GCC_WARN_64_TO_32_BIT_CONVERSION = YES;
				GCC_WARN_ABOUT_RETURN_TYPE = YES_ERROR;
				GCC_WARN_UNDECLARED_SELECTOR = YES;
				GCC_WARN_UNINITIALIZED_AUTOS = YES_AGGRESSIVE;
				GCC_WARN_UNUSED_FUNCTION = YES;
				GCC_WARN_UNUSED_VARIABLE = YES;
				IPHONEOS_DEPLOYMENT_TARGET = 15.5;
				MTL_ENABLE_DEBUG_INFO = NO;
				MTL_FAST_MATH = YES;
				SDKROOT = iphoneos;
				SWIFT_COMPILATION_MODE = wholemodule;
				SWIFT_OPTIMIZATION_LEVEL = "-O";
				VALIDATE_PRODUCT = YES;
			};
			name = Release;
		};
		C13497C62899F6CF00F7D548 /* Debug */ = {
			isa = XCBuildConfiguration;
			buildSettings = {
				ASSETCATALOG_COMPILER_APPICON_NAME = AppIcon;
				ASSETCATALOG_COMPILER_GLOBAL_ACCENT_COLOR_NAME = AccentColor;
				CODE_SIGN_STYLE = Automatic;
				CURRENT_PROJECT_VERSION = 1;
				DEVELOPMENT_TEAM = 54R3763M9G;
				GENERATE_INFOPLIST_FILE = YES;
				INFOPLIST_FILE = TrendMediaDB/Info.plist;
				INFOPLIST_KEY_UIApplicationSupportsIndirectInputEvents = YES;
				INFOPLIST_KEY_UILaunchStoryboardName = LaunchScreen;
				INFOPLIST_KEY_UIMainStoryboardFile = Main;
				INFOPLIST_KEY_UISupportedInterfaceOrientations_iPad = "UIInterfaceOrientationPortrait UIInterfaceOrientationPortraitUpsideDown UIInterfaceOrientationLandscapeLeft UIInterfaceOrientationLandscapeRight";
				INFOPLIST_KEY_UISupportedInterfaceOrientations_iPhone = "UIInterfaceOrientationPortrait UIInterfaceOrientationLandscapeLeft UIInterfaceOrientationLandscapeRight";
				LD_RUNPATH_SEARCH_PATHS = (
					"$(inherited)",
					"@executable_path/Frameworks",
				);
				MARKETING_VERSION = 1.0;
				PRODUCT_BUNDLE_IDENTIFIER = com.skylerLee.TrendMediaDB;
				PRODUCT_NAME = "$(TARGET_NAME)";
				SWIFT_EMIT_LOC_STRINGS = YES;
				SWIFT_VERSION = 5.0;
				TARGETED_DEVICE_FAMILY = "1,2";
			};
			name = Debug;
		};
		C13497C72899F6CF00F7D548 /* Release */ = {
			isa = XCBuildConfiguration;
			buildSettings = {
				ASSETCATALOG_COMPILER_APPICON_NAME = AppIcon;
				ASSETCATALOG_COMPILER_GLOBAL_ACCENT_COLOR_NAME = AccentColor;
				CODE_SIGN_STYLE = Automatic;
				CURRENT_PROJECT_VERSION = 1;
				DEVELOPMENT_TEAM = 54R3763M9G;
				GENERATE_INFOPLIST_FILE = YES;
				INFOPLIST_FILE = TrendMediaDB/Info.plist;
				INFOPLIST_KEY_UIApplicationSupportsIndirectInputEvents = YES;
				INFOPLIST_KEY_UILaunchStoryboardName = LaunchScreen;
				INFOPLIST_KEY_UIMainStoryboardFile = Main;
				INFOPLIST_KEY_UISupportedInterfaceOrientations_iPad = "UIInterfaceOrientationPortrait UIInterfaceOrientationPortraitUpsideDown UIInterfaceOrientationLandscapeLeft UIInterfaceOrientationLandscapeRight";
				INFOPLIST_KEY_UISupportedInterfaceOrientations_iPhone = "UIInterfaceOrientationPortrait UIInterfaceOrientationLandscapeLeft UIInterfaceOrientationLandscapeRight";
				LD_RUNPATH_SEARCH_PATHS = (
					"$(inherited)",
					"@executable_path/Frameworks",
				);
				MARKETING_VERSION = 1.0;
				PRODUCT_BUNDLE_IDENTIFIER = com.skylerLee.TrendMediaDB;
				PRODUCT_NAME = "$(TARGET_NAME)";
				SWIFT_EMIT_LOC_STRINGS = YES;
				SWIFT_VERSION = 5.0;
				TARGETED_DEVICE_FAMILY = "1,2";
			};
			name = Release;
		};
/* End XCBuildConfiguration section */

/* Begin XCConfigurationList section */
		C13497AC2899F6CE00F7D548 /* Build configuration list for PBXProject "TrendMediaDB" */ = {
			isa = XCConfigurationList;
			buildConfigurations = (
				C13497C32899F6CF00F7D548 /* Debug */,
				C13497C42899F6CF00F7D548 /* Release */,
			);
			defaultConfigurationIsVisible = 0;
			defaultConfigurationName = Release;
		};
		C13497C52899F6CF00F7D548 /* Build configuration list for PBXNativeTarget "TrendMediaDB" */ = {
			isa = XCConfigurationList;
			buildConfigurations = (
				C13497C62899F6CF00F7D548 /* Debug */,
				C13497C72899F6CF00F7D548 /* Release */,
			);
			defaultConfigurationIsVisible = 0;
			defaultConfigurationName = Release;
		};
/* End XCConfigurationList section */

/* Begin XCRemoteSwiftPackageReference section */
		C1E8F78A289A6D1C0098E93D /* XCRemoteSwiftPackageReference "Alamofire" */ = {
			isa = XCRemoteSwiftPackageReference;
			repositoryURL = "https://github.com/Alamofire/Alamofire.git";
			requirement = {
				kind = upToNextMajorVersion;
				minimumVersion = 5.0.0;
			};
		};
		C1E8F78D289A6D380098E93D /* XCRemoteSwiftPackageReference "SwiftyJSON" */ = {
			isa = XCRemoteSwiftPackageReference;
			repositoryURL = "https://github.com/SwiftyJSON/SwiftyJSON.git";
			requirement = {
				kind = upToNextMajorVersion;
				minimumVersion = 5.0.0;
			};
		};
		C1E8F790289A72900098E93D /* XCRemoteSwiftPackageReference "Kingfisher" */ = {
			isa = XCRemoteSwiftPackageReference;
			repositoryURL = "https://github.com/onevcat/Kingfisher.git";
			requirement = {
				kind = upToNextMajorVersion;
				minimumVersion = 7.0.0;
			};
		};
/* End XCRemoteSwiftPackageReference section */

/* Begin XCSwiftPackageProductDependency section */
		C1E8F78B289A6D1C0098E93D /* Alamofire */ = {
			isa = XCSwiftPackageProductDependency;
			package = C1E8F78A289A6D1C0098E93D /* XCRemoteSwiftPackageReference "Alamofire" */;
			productName = Alamofire;
		};
		C1E8F78E289A6D380098E93D /* SwiftyJSON */ = {
			isa = XCSwiftPackageProductDependency;
			package = C1E8F78D289A6D380098E93D /* XCRemoteSwiftPackageReference "SwiftyJSON" */;
			productName = SwiftyJSON;
		};
		C1E8F791289A72900098E93D /* Kingfisher */ = {
			isa = XCSwiftPackageProductDependency;
			package = C1E8F790289A72900098E93D /* XCRemoteSwiftPackageReference "Kingfisher" */;
			productName = Kingfisher;
		};
/* End XCSwiftPackageProductDependency section */
	};
	rootObject = C13497A92899F6CE00F7D548 /* Project object */;
}
